
Microsoft Visual Studio Solution File, Format Version 12.00
# Visual Studio Version 17
VisualStudioVersion = 17.10.35013.160
MinimumVisualStudioVersion = 10.0.40219.1
Project("{FAE04EC0-301F-11D3-BF4B-00C04F79EFBC}") = "Task5", "Task5\Task5.csproj", "{66A03A0C-1040-48D6-A984-45E7451CF2A1}"
EndProject
Global
	GlobalSection(SolutionConfigurationPlatforms) = preSolution
		Debug|Any CPU = Debug|Any CPU
		Release|Any CPU = Release|Any CPU
	EndGlobalSection
	GlobalSection(ProjectConfigurationPlatforms) = postSolution
		{66A03A0C-1040-48D6-A984-45E7451CF2A1}.Debug|Any CPU.ActiveCfg = Debug|Any CPU
		{66A03A0C-1040-48D6-A984-45E7451CF2A1}.Debug|Any CPU.Build.0 = Debug|Any CPU
		{66A03A0C-1040-48D6-A984-45E7451CF2A1}.Release|Any CPU.ActiveCfg = Release|Any CPU
		{66A03A0C-1040-48D6-A984-45E7451CF2A1}.Release|Any CPU.Build.0 = Release|Any CPU
	EndGlobalSection
	GlobalSection(SolutionProperties) = preSolution
		HideSolutionNode = FALSE
	EndGlobalSection
	GlobalSection(ExtensibilityGlobals) = postSolution
		SolutionGuid = {C22544A5-C037-4CE4-B102-742392BF57F6}
	EndGlobalSection
EndGlobal
